// !$*UTF8*$!
{
	archiveVersion = 1;
	classes = {
	};
	objectVersion = 45;
	objects = {

/* Begin PBXBuildFile section */
		8D11072A0486CEB800E47090 /* MainMenu.nib in Resources */ = {isa = PBXBuildFile; fileRef = 29B97318FDCFA39411CA2CEA /* MainMenu.nib */; };
		8D11072B0486CEB800E47090 /* InfoPlist.strings in Resources */ = {isa = PBXBuildFile; fileRef = 089C165CFE840E0CC02AAC07 /* InfoPlist.strings */; };
		8D11072D0486CEB800E47090 /* main.m in Sources */ = {isa = PBXBuildFile; fileRef = 29B97316FDCFA39411CA2CEA /* main.m */; settings = {ATTRIBUTES = (); }; };
		8D11072F0486CEB800E47090 /* Cocoa.framework in Frameworks */ = {isa = PBXBuildFile; fileRef = 1058C7A1FEA54F0111CA2CBB /* Cocoa.framework */; };
		EE01D7690D52E2BD00B48BEA /* Loader.m in Sources */ = {isa = PBXBuildFile; fileRef = EE01D7680D52E2BD00B48BEA /* Loader.m */; };
		EE01D7AD0D52E8FE00B48BEA /* Preferences.m in Sources */ = {isa = PBXBuildFile; fileRef = EE01D7AC0D52E8FE00B48BEA /* Preferences.m */; };
		EE436C4410F93BE000216B40 /* PAKTableView.m in Sources */ = {isa = PBXBuildFile; fileRef = EE436C4310F93BE000216B40 /* PAKTableView.m */; };
		EEADB112108EB0B300EE89D3 /* manpath_helper in Resources */ = {isa = PBXBuildFile; fileRef = EEADB111108EB0B300EE89D3 /* manpath_helper */; };
		EEB3AAEB0D7E4B9E009C79FA /* Credits.html in Resources */ = {isa = PBXBuildFile; fileRef = EEB3AAEA0D7E4B9E009C79FA /* Credits.html */; };
		EECABAB60D52AFD800F5084A /* hex.icns in Resources */ = {isa = PBXBuildFile; fileRef = EECABAB50D52AFD800F5084A /* hex.icns */; };
		EED5CA0E0D78ACD8006928CF /* ManEntry.m in Sources */ = {isa = PBXBuildFile; fileRef = EED5CA0D0D78ACD8006928CF /* ManEntry.m */; };
		EEF27B8A0B84BB1700802668 /* ViewerManager.m in Sources */ = {isa = PBXBuildFile; fileRef = EEF27B890B84BB1700802668 /* ViewerManager.m */; };
/* End PBXBuildFile section */

/* Begin PBXFileReference section */
		089C165DFE840E0CC02AAC07 /* English */ = {isa = PBXFileReference; fileEncoding = 10; lastKnownFileType = text.plist.strings; name = English; path = English.lproj/InfoPlist.strings; sourceTree = "<group>"; };
		1058C7A1FEA54F0111CA2CBB /* Cocoa.framework */ = {isa = PBXFileReference; lastKnownFileType = wrapper.framework; name = Cocoa.framework; path = /System/Library/Frameworks/Cocoa.framework; sourceTree = "<absolute>"; };
		13E42FB307B3F0F600E4EEF1 /* CoreData.framework */ = {isa = PBXFileReference; lastKnownFileType = wrapper.framework; name = CoreData.framework; path = /System/Library/Frameworks/CoreData.framework; sourceTree = "<absolute>"; };
		29B97316FDCFA39411CA2CEA /* main.m */ = {isa = PBXFileReference; fileEncoding = 4; lastKnownFileType = sourcecode.c.objc; path = main.m; sourceTree = "<group>"; };
		29B97319FDCFA39411CA2CEA /* English */ = {isa = PBXFileReference; lastKnownFileType = wrapper.nib; name = English; path = English.lproj/MainMenu.nib; sourceTree = "<group>"; };
		29B97324FDCFA39411CA2CEA /* AppKit.framework */ = {isa = PBXFileReference; lastKnownFileType = wrapper.framework; name = AppKit.framework; path = /System/Library/Frameworks/AppKit.framework; sourceTree = "<absolute>"; };
		29B97325FDCFA39411CA2CEA /* Foundation.framework */ = {isa = PBXFileReference; lastKnownFileType = wrapper.framework; name = Foundation.framework; path = /System/Library/Frameworks/Foundation.framework; sourceTree = "<absolute>"; };
		32CA4F630368D1EE00C91783 /* Man Viewer_Prefix.pch */ = {isa = PBXFileReference; fileEncoding = 4; lastKnownFileType = sourcecode.c.h; path = "Man Viewer_Prefix.pch"; sourceTree = "<group>"; };
		8D1107310486CEB800E47090 /* Info.plist */ = {isa = PBXFileReference; fileEncoding = 4; lastKnownFileType = text.plist; path = Info.plist; sourceTree = "<group>"; };
		8D1107320486CEB800E47090 /* Man Viewer.app */ = {isa = PBXFileReference; explicitFileType = wrapper.application; includeInIndex = 0; path = "Man Viewer.app"; sourceTree = BUILT_PRODUCTS_DIR; };
		EE01D7670D52E2BD00B48BEA /* Loader.h */ = {isa = PBXFileReference; fileEncoding = 4; lastKnownFileType = sourcecode.c.h; path = Loader.h; sourceTree = "<group>"; };
		EE01D7680D52E2BD00B48BEA /* Loader.m */ = {isa = PBXFileReference; fileEncoding = 4; lastKnownFileType = sourcecode.c.objc; path = Loader.m; sourceTree = "<group>"; };
		EE01D7AB0D52E8FE00B48BEA /* Preferences.h */ = {isa = PBXFileReference; fileEncoding = 4; lastKnownFileType = sourcecode.c.h; path = Preferences.h; sourceTree = "<group>"; };
		EE01D7AC0D52E8FE00B48BEA /* Preferences.m */ = {isa = PBXFileReference; fileEncoding = 4; lastKnownFileType = sourcecode.c.objc; path = Preferences.m; sourceTree = "<group>"; };
		EE0267540DEB7CB60048FFA9 /* tab_dropdown.png */ = {isa = PBXFileReference; lastKnownFileType = image.png; path = tab_dropdown.png; sourceTree = "<group>"; };
		EE0267650DEB85700048FFA9 /* TabDropdownView.h */ = {isa = PBXFileReference; fileEncoding = 4; lastKnownFileType = sourcecode.c.h; path = TabDropdownView.h; sourceTree = "<group>"; };
		EE0267660DEB85700048FFA9 /* TabDropdownView.m */ = {isa = PBXFileReference; fileEncoding = 4; lastKnownFileType = sourcecode.c.objc; path = TabDropdownView.m; sourceTree = "<group>"; };
		EE1FF8DD10F5A1DC00A217A5 /* Feature requests.txt */ = {isa = PBXFileReference; fileEncoding = 4; lastKnownFileType = text; path = "Feature requests.txt"; sourceTree = "<group>"; };
		EE2637640D7F108500251048 /* Read Me.txt */ = {isa = PBXFileReference; fileEncoding = 4; lastKnownFileType = text; path = "Read Me.txt"; sourceTree = "<group>"; };
		EE3B99BC0D9F636600133C3B /* TabView.h */ = {isa = PBXFileReference; fileEncoding = 4; lastKnownFileType = sourcecode.c.h; path = TabView.h; sourceTree = "<group>"; };
		EE3B99BD0D9F636600133C3B /* TabView.m */ = {isa = PBXFileReference; fileEncoding = 4; lastKnownFileType = sourcecode.c.objc; path = TabView.m; sourceTree = "<group>"; };
		EE3B99C30D9F649900133C3B /* TabCollectionView.h */ = {isa = PBXFileReference; fileEncoding = 4; lastKnownFileType = sourcecode.c.h; path = TabCollectionView.h; sourceTree = "<group>"; };
		EE3B99C40D9F649900133C3B /* TabCollectionView.m */ = {isa = PBXFileReference; fileEncoding = 4; lastKnownFileType = sourcecode.c.objc; path = TabCollectionView.m; sourceTree = "<group>"; };
		EE436C4210F93BE000216B40 /* PAKTableView.h */ = {isa = PBXFileReference; fileEncoding = 4; lastKnownFileType = sourcecode.c.h; path = PAKTableView.h; sourceTree = "<group>"; };
		EE436C4310F93BE000216B40 /* PAKTableView.m */ = {isa = PBXFileReference; fileEncoding = 4; lastKnownFileType = sourcecode.c.objc; path = PAKTableView.m; sourceTree = "<group>"; };
		EE77BD1B0D7F50320011FEE4 /* Man Viewer.dmg */ = {isa = PBXFileReference; lastKnownFileType = file; path = "Man Viewer.dmg"; sourceTree = "<group>"; };
		EEADB103108EAF1300EE89D3 /* manpath_helper.c */ = {isa = PBXFileReference; fileEncoding = 4; lastKnownFileType = sourcecode.c.c; path = manpath_helper.c; sourceTree = "<group>"; };
		EEADB111108EB0B300EE89D3 /* manpath_helper */ = {isa = PBXFileReference; lastKnownFileType = "compiled.mach-o.executable"; path = manpath_helper; sourceTree = "<group>"; };
		EEB3AAEA0D7E4B9E009C79FA /* Credits.html */ = {isa = PBXFileReference; fileEncoding = 4; lastKnownFileType = text.html; path = Credits.html; sourceTree = "<group>"; };
		EECABAB50D52AFD800F5084A /* hex.icns */ = {isa = PBXFileReference; lastKnownFileType = image.icns; path = hex.icns; sourceTree = "<group>"; };
		EED5CA0C0D78ACD8006928CF /* ManEntry.h */ = {isa = PBXFileReference; fileEncoding = 4; lastKnownFileType = sourcecode.c.h; path = ManEntry.h; sourceTree = "<group>"; };
		EED5CA0D0D78ACD8006928CF /* ManEntry.m */ = {isa = PBXFileReference; fileEncoding = 4; lastKnownFileType = sourcecode.c.objc; path = ManEntry.m; sourceTree = "<group>"; };
		EEDB21EC0DA5E31A005D0CE3 /* tab_unselected.png */ = {isa = PBXFileReference; lastKnownFileType = image.png; path = tab_unselected.png; sourceTree = "<group>"; };
		EEDB21ED0DA5E31A005D0CE3 /* tab_selected.png */ = {isa = PBXFileReference; lastKnownFileType = image.png; path = tab_selected.png; sourceTree = "<group>"; };
		EEDB22790DA5ED81005D0CE3 /* tab_hover.png */ = {isa = PBXFileReference; lastKnownFileType = image.png; path = tab_hover.png; sourceTree = "<group>"; };
		EEF27B880B84BB1700802668 /* ViewerManager.h */ = {isa = PBXFileReference; fileEncoding = 30; lastKnownFileType = sourcecode.c.h; path = ViewerManager.h; sourceTree = "<group>"; };
		EEF27B890B84BB1700802668 /* ViewerManager.m */ = {isa = PBXFileReference; fileEncoding = 30; lastKnownFileType = sourcecode.c.objc; path = ViewerManager.m; sourceTree = "<group>"; };
/* End PBXFileReference section */

/* Begin PBXFrameworksBuildPhase section */
		8D11072E0486CEB800E47090 /* Frameworks */ = {
			isa = PBXFrameworksBuildPhase;
			buildActionMask = 2147483647;
			files = (
				8D11072F0486CEB800E47090 /* Cocoa.framework in Frameworks */,
			);
			runOnlyForDeploymentPostprocessing = 0;
		};
/* End PBXFrameworksBuildPhase section */

/* Begin PBXGroup section */
		080E96DDFE201D6D7F000001 /* Classes */ = {
			isa = PBXGroup;
			children = (
				EE436C3F10F93B8F00216B40 /* Tabs */,
				EED5CA0C0D78ACD8006928CF /* ManEntry.h */,
				EED5CA0D0D78ACD8006928CF /* ManEntry.m */,
				EE436C4210F93BE000216B40 /* PAKTableView.h */,
				EE436C4310F93BE000216B40 /* PAKTableView.m */,
			);
			name = Classes;
			sourceTree = "<group>";
		};
		1058C7A0FEA54F0111CA2CBB /* Linked Frameworks */ = {
			isa = PBXGroup;
			children = (
				1058C7A1FEA54F0111CA2CBB /* Cocoa.framework */,
			);
			name = "Linked Frameworks";
			sourceTree = "<group>";
		};
		1058C7A2FEA54F0111CA2CBB /* Other Frameworks */ = {
			isa = PBXGroup;
			children = (
				29B97324FDCFA39411CA2CEA /* AppKit.framework */,
				13E42FB307B3F0F600E4EEF1 /* CoreData.framework */,
				29B97325FDCFA39411CA2CEA /* Foundation.framework */,
			);
			name = "Other Frameworks";
			sourceTree = "<group>";
		};
		19C28FACFE9D520D11CA2CBB /* Products */ = {
			isa = PBXGroup;
			children = (
				8D1107320486CEB800E47090 /* Man Viewer.app */,
			);
			name = Products;
			sourceTree = "<group>";
		};
		29B97314FDCFA39411CA2CEA /* Man Viewer */ = {
			isa = PBXGroup;
			children = (
				080E96DDFE201D6D7F000001 /* Classes */,
				29B97315FDCFA39411CA2CEA /* Other Sources */,
				29B97317FDCFA39411CA2CEA /* Resources */,
				29B97323FDCFA39411CA2CEA /* Frameworks */,
				19C28FACFE9D520D11CA2CBB /* Products */,
			);
			name = "Man Viewer";
			sourceTree = "<group>";
		};
		29B97315FDCFA39411CA2CEA /* Other Sources */ = {
			isa = PBXGroup;
			children = (
				EE01D7AB0D52E8FE00B48BEA /* Preferences.h */,
				EE01D7AC0D52E8FE00B48BEA /* Preferences.m */,
				32CA4F630368D1EE00C91783 /* Man Viewer_Prefix.pch */,
				29B97316FDCFA39411CA2CEA /* main.m */,
				EEF27B880B84BB1700802668 /* ViewerManager.h */,
				EEF27B890B84BB1700802668 /* ViewerManager.m */,
				EE01D7670D52E2BD00B48BEA /* Loader.h */,
				EE01D7680D52E2BD00B48BEA /* Loader.m */,
				EEADB103108EAF1300EE89D3 /* manpath_helper.c */,
			);
			name = "Other Sources";
			sourceTree = "<group>";
		};
		29B97317FDCFA39411CA2CEA /* Resources */ = {
			isa = PBXGroup;
			children = (
				EEDB21E70DA5E308005D0CE3 /* Pictures */,
				EE2637640D7F108500251048 /* Read Me.txt */,
				EE77BD1B0D7F50320011FEE4 /* Man Viewer.dmg */,
				EEB3AAEA0D7E4B9E009C79FA /* Credits.html */,
				EECABAB50D52AFD800F5084A /* hex.icns */,
				EEADB111108EB0B300EE89D3 /* manpath_helper */,
				8D1107310486CEB800E47090 /* Info.plist */,
				089C165CFE840E0CC02AAC07 /* InfoPlist.strings */,
				29B97318FDCFA39411CA2CEA /* MainMenu.nib */,
				EE1FF8DD10F5A1DC00A217A5 /* Feature requests.txt */,
			);
			name = Resources;
			sourceTree = "<group>";
		};
		29B97323FDCFA39411CA2CEA /* Frameworks */ = {
			isa = PBXGroup;
			children = (
				1058C7A0FEA54F0111CA2CBB /* Linked Frameworks */,
				1058C7A2FEA54F0111CA2CBB /* Other Frameworks */,
			);
			name = Frameworks;
			sourceTree = "<group>";
		};
		EE436C3F10F93B8F00216B40 /* Tabs */ = {
			isa = PBXGroup;
			children = (
				EE0267650DEB85700048FFA9 /* TabDropdownView.h */,
				EE0267660DEB85700048FFA9 /* TabDropdownView.m */,
				EE3B99BC0D9F636600133C3B /* TabView.h */,
				EE3B99BD0D9F636600133C3B /* TabView.m */,
				EE3B99C30D9F649900133C3B /* TabCollectionView.h */,
				EE3B99C40D9F649900133C3B /* TabCollectionView.m */,
			);
			name = Tabs;
			sourceTree = "<group>";
		};
		EEDB21E70DA5E308005D0CE3 /* Pictures */ = {
			isa = PBXGroup;
			children = (
				EE0267540DEB7CB60048FFA9 /* tab_dropdown.png */,
				EEDB22790DA5ED81005D0CE3 /* tab_hover.png */,
				EEDB21EC0DA5E31A005D0CE3 /* tab_unselected.png */,
				EEDB21ED0DA5E31A005D0CE3 /* tab_selected.png */,
			);
			name = Pictures;
			sourceTree = "<group>";
		};
/* End PBXGroup section */

/* Begin PBXNativeTarget section */
		8D1107260486CEB800E47090 /* Man Viewer */ = {
			isa = PBXNativeTarget;
			buildConfigurationList = C01FCF4A08A954540054247B /* Build configuration list for PBXNativeTarget "Man Viewer" */;
			buildPhases = (
				8D1107290486CEB800E47090 /* Resources */,
				8D11072C0486CEB800E47090 /* Sources */,
				8D11072E0486CEB800E47090 /* Frameworks */,
			);
			buildRules = (
			);
			dependencies = (
			);
			name = "Man Viewer";
			productInstallPath = "$(HOME)/Applications";
			productName = "Man Viewer";
			productReference = 8D1107320486CEB800E47090 /* Man Viewer.app */;
			productType = "com.apple.product-type.application";
		};
/* End PBXNativeTarget section */

/* Begin PBXProject section */
		29B97313FDCFA39411CA2CEA /* Project object */ = {
			isa = PBXProject;
			buildConfigurationList = C01FCF4E08A954540054247B /* Build configuration list for PBXProject "Man Viewer" */;
			compatibilityVersion = "Xcode 3.1";
			hasScannedForEncodings = 1;
			mainGroup = 29B97314FDCFA39411CA2CEA /* Man Viewer */;
			projectDirPath = "";
			projectRoot = "";
			targets = (
				8D1107260486CEB800E47090 /* Man Viewer */,
			);
		};
/* End PBXProject section */

/* Begin PBXResourcesBuildPhase section */
		8D1107290486CEB800E47090 /* Resources */ = {
			isa = PBXResourcesBuildPhase;
			buildActionMask = 2147483647;
			files = (
				8D11072A0486CEB800E47090 /* MainMenu.nib in Resources */,
				8D11072B0486CEB800E47090 /* InfoPlist.strings in Resources */,
				EECABAB60D52AFD800F5084A /* hex.icns in Resources */,
				EEB3AAEB0D7E4B9E009C79FA /* Credits.html in Resources */,
				EEADB112108EB0B300EE89D3 /* manpath_helper in Resources */,
			);
			runOnlyForDeploymentPostprocessing = 0;
		};
/* End PBXResourcesBuildPhase section */

/* Begin PBXSourcesBuildPhase section */
		8D11072C0486CEB800E47090 /* Sources */ = {
			isa = PBXSourcesBuildPhase;
			buildActionMask = 2147483647;
			files = (
				8D11072D0486CEB800E47090 /* main.m in Sources */,
				EEF27B8A0B84BB1700802668 /* ViewerManager.m in Sources */,
				EE01D7690D52E2BD00B48BEA /* Loader.m in Sources */,
				EE01D7AD0D52E8FE00B48BEA /* Preferences.m in Sources */,
				EED5CA0E0D78ACD8006928CF /* ManEntry.m in Sources */,
				EE436C4410F93BE000216B40 /* PAKTableView.m in Sources */,
			);
			runOnlyForDeploymentPostprocessing = 0;
		};
/* End PBXSourcesBuildPhase section */

/* Begin PBXVariantGroup section */
		089C165CFE840E0CC02AAC07 /* InfoPlist.strings */ = {
			isa = PBXVariantGroup;
			children = (
				089C165DFE840E0CC02AAC07 /* English */,
			);
			name = InfoPlist.strings;
			sourceTree = "<group>";
		};
		29B97318FDCFA39411CA2CEA /* MainMenu.nib */ = {
			isa = PBXVariantGroup;
			children = (
				29B97319FDCFA39411CA2CEA /* English */,
			);
			name = MainMenu.nib;
			sourceTree = "<group>";
		};
/* End PBXVariantGroup section */

/* Begin XCBuildConfiguration section */
		C01FCF4B08A954540054247B /* Debug */ = {
			isa = XCBuildConfiguration;
			buildSettings = {
				COPY_PHASE_STRIP = NO;
				GCC_DYNAMIC_NO_PIC = NO;
				GCC_ENABLE_FIX_AND_CONTINUE = YES;
				GCC_MODEL_TUNING = G5;
				GCC_OPTIMIZATION_LEVEL = 0;
				INFOPLIST_FILE = Info.plist;
				INSTALL_PATH = "$(HOME)/Applications";
				PRODUCT_NAME = "Man Viewer";
				WRAPPER_EXTENSION = app;
				ZERO_LINK = YES;
			};
			name = Debug;
		};
		C01FCF4C08A954540054247B /* Release */ = {
			isa = XCBuildConfiguration;
			buildSettings = {
				ARCHS = (
					ppc,
					i386,
				);
				GCC_GENERATE_DEBUGGING_SYMBOLS = NO;
				GCC_MODEL_TUNING = G5;
				INFOPLIST_FILE = Info.plist;
				INSTALL_PATH = "$(HOME)/Applications";
				PRODUCT_NAME = "Man Viewer";
				WRAPPER_EXTENSION = app;
			};
			name = Release;
		};
		C01FCF4F08A954540054247B /* Debug */ = {
			isa = XCBuildConfiguration;
			buildSettings = {
				GCC_WARN_ABOUT_RETURN_TYPE = YES;
				GCC_WARN_UNUSED_VARIABLE = YES;
				PREBINDING = NO;
				SDKROOT = macosx10.5;
			};
			name = Debug;
		};
		C01FCF5008A954540054247B /* Release */ = {
			isa = XCBuildConfiguration;
			buildSettings = {
				ARCHS = "$(NATIVE_ARCH_32_BIT)";
				GCC_WARN_ABOUT_RETURN_TYPE = YES;
				GCC_WARN_UNUSED_VARIABLE = YES;
				PREBINDING = NO;
				SDKROOT = macosx10.5;
			};
			name = Release;
		};
/* End XCBuildConfiguration section */

/* Begin XCConfigurationList section */
		C01FCF4A08A954540054247B /* Build configuration list for PBXNativeTarget "Man Viewer" */ = {
			isa = XCConfigurationList;
			buildConfigurations = (
				C01FCF4B08A954540054247B /* Debug */,
				C01FCF4C08A954540054247B /* Release */,
			);
			defaultConfigurationIsVisible = 0;
			defaultConfigurationName = Release;
		};
		C01FCF4E08A954540054247B /* Build configuration list for PBXProject "Man Viewer" */ = {
			isa = XCConfigurationList;
			buildConfigurations = (
				C01FCF4F08A954540054247B /* Debug */,
				C01FCF5008A954540054247B /* Release */,
			);
			defaultConfigurationIsVisible = 0;
			defaultConfigurationName = Release;
		};
/* End XCConfigurationList section */
	};
	rootObject = 29B97313FDCFA39411CA2CEA /* Project object */;
}
